
Microsoft Visual Studio Solution File, Format Version 12.00
# Visual Studio Version 17
VisualStudioVersion = 17.0.31903.59
MinimumVisualStudioVersion = 10.0.40219.1
Project("{FAE04EC0-301F-11D3-BF4B-00C04F79EFBC}") = "CloudHufferApi", "CloudHufferApi\CloudHufferApi.csproj", "{369A5DC5-1A8B-4045-825E-3C575AF2D68E}"
EndProject
Project("{FAE04EC0-301F-11D3-BF4B-00C04F79EFBC}") = "CloudHufferApi.Tests", "CloudHufferApi.Tests\CloudHufferApi.Tests.csproj", "{8763BE44-B0F5-40ED-84F4-2EA79C61CAEA}"
EndProject
Global
	GlobalSection(SolutionConfigurationPlatforms) = preSolution
		Debug|Any CPU = Debug|Any CPU
		Debug|x64 = Debug|x64
		Debug|x86 = Debug|x86
		Release|Any CPU = Release|Any CPU
		Release|x64 = Release|x64
		Release|x86 = Release|x86
	EndGlobalSection
	GlobalSection(ProjectConfigurationPlatforms) = postSolution
		{369A5DC5-1A8B-4045-825E-3C575AF2D68E}.Debug|Any CPU.ActiveCfg = Debug|Any CPU
		{369A5DC5-1A8B-4045-825E-3C575AF2D68E}.Debug|Any CPU.Build.0 = Debug|Any CPU
		{369A5DC5-1A8B-4045-825E-3C575AF2D68E}.Debug|x64.ActiveCfg = Debug|Any CPU
		{369A5DC5-1A8B-4045-825E-3C575AF2D68E}.Debug|x64.Build.0 = Debug|Any CPU
		{369A5DC5-1A8B-4045-825E-3C575AF2D68E}.Debug|x86.ActiveCfg = Debug|Any CPU
		{369A5DC5-1A8B-4045-825E-3C575AF2D68E}.Debug|x86.Build.0 = Debug|Any CPU
		{369A5DC5-1A8B-4045-825E-3C575AF2D68E}.Release|Any CPU.ActiveCfg = Release|Any CPU
		{369A5DC5-1A8B-4045-825E-3C575AF2D68E}.Release|Any CPU.Build.0 = Release|Any CPU
		{369A5DC5-1A8B-4045-825E-3C575AF2D68E}.Release|x64.ActiveCfg = Release|Any CPU
		{369A5DC5-1A8B-4045-825E-3C575AF2D68E}.Release|x64.Build.0 = Release|Any CPU
		{369A5DC5-1A8B-4045-825E-3C575AF2D68E}.Release|x86.ActiveCfg = Release|Any CPU
		{369A5DC5-1A8B-4045-825E-3C575AF2D68E}.Release|x86.Build.0 = Release|Any CPU
		{8763BE44-B0F5-40ED-84F4-2EA79C61CAEA}.Debug|Any CPU.ActiveCfg = Debug|Any CPU
		{8763BE44-B0F5-40ED-84F4-2EA79C61CAEA}.Debug|Any CPU.Build.0 = Debug|Any CPU
		{8763BE44-B0F5-40ED-84F4-2EA79C61CAEA}.Debug|x64.ActiveCfg = Debug|Any CPU
		{8763BE44-B0F5-40ED-84F4-2EA79C61CAEA}.Debug|x64.Build.0 = Debug|Any CPU
		{8763BE44-B0F5-40ED-84F4-2EA79C61CAEA}.Debug|x86.ActiveCfg = Debug|Any CPU
		{8763BE44-B0F5-40ED-84F4-2EA79C61CAEA}.Debug|x86.Build.0 = Debug|Any CPU
		{8763BE44-B0F5-40ED-84F4-2EA79C61CAEA}.Release|Any CPU.ActiveCfg = Release|Any CPU
		{8763BE44-B0F5-40ED-84F4-2EA79C61CAEA}.Release|Any CPU.Build.0 = Release|Any CPU
		{8763BE44-B0F5-40ED-84F4-2EA79C61CAEA}.Release|x64.ActiveCfg = Release|Any CPU
		{8763BE44-B0F5-40ED-84F4-2EA79C61CAEA}.Release|x64.Build.0 = Release|Any CPU
		{8763BE44-B0F5-40ED-84F4-2EA79C61CAEA}.Release|x86.ActiveCfg = Release|Any CPU
		{8763BE44-B0F5-40ED-84F4-2EA79C61CAEA}.Release|x86.Build.0 = Release|Any CPU
	EndGlobalSection
	GlobalSection(SolutionProperties) = preSolution
		HideSolutionNode = FALSE
	EndGlobalSection
	GlobalSection(ExtensibilityGlobals) = postSolution
		SolutionGuid = {C9AED0E3-E72F-4828-AE57-09443CB6CF39}
	EndGlobalSection
EndGlobal
